// !$*UTF8*$!
{
	archiveVersion = 1;
	classes = {
	};
	objectVersion = 46;
	objects = {

/* Begin PBXBuildFile section */
		773CFE206E1820E85723DBF6 /* libPods-vk.a in Frameworks */ = {isa = PBXBuildFile; fileRef = 55F9A42F1FB823591A15D136 /* libPods-vk.a */; };
		A23D02711F20ABCF0044245A /* VKPost.m in Sources */ = {isa = PBXBuildFile; fileRef = A23D02701F20ABCF0044245A /* VKPost.m */; };
		A23D02861F20D7440044245A /* PostTableViewCell.m in Sources */ = {isa = PBXBuildFile; fileRef = A23D02841F20D7440044245A /* PostTableViewCell.m */; };
		A23D02871F20D7440044245A /* PostTableViewCell.xib in Resources */ = {isa = PBXBuildFile; fileRef = A23D02851F20D7440044245A /* PostTableViewCell.xib */; };
		A23D028B1F20E3830044245A /* UIViewController+Utils.m in Sources */ = {isa = PBXBuildFile; fileRef = A23D028A1F20E3830044245A /* UIViewController+Utils.m */; };
		A2577D751F1F4D4E00268A91 /* TestViewController.m in Sources */ = {isa = PBXBuildFile; fileRef = A2577D741F1F4D4E00268A91 /* TestViewController.m */; };
		A2577D781F1F4D6100268A91 /* ApiCallViewController.m in Sources */ = {isa = PBXBuildFile; fileRef = A2577D771F1F4D6100268A91 /* ApiCallViewController.m */; };
		A26467CC1F22A1D700207BDD /* VKSource.m in Sources */ = {isa = PBXBuildFile; fileRef = A26467CB1F22A1D700207BDD /* VKSource.m */; };
		A27071491F1E007B0035E028 /* VKWrapper.m in Sources */ = {isa = PBXBuildFile; fileRef = A27071481F1E007B0035E028 /* VKWrapper.m */; };
		A2763B551F1F5CB60015D279 /* NewsViewController.m in Sources */ = {isa = PBXBuildFile; fileRef = A2763B541F1F5CB60015D279 /* NewsViewController.m */; };
		A282146D1F20F1E300BC9668 /* UIApplication+NetworkIndicator.m in Sources */ = {isa = PBXBuildFile; fileRef = A282146C1F20F1E300BC9668 /* UIApplication+NetworkIndicator.m */; };
		A28214711F20F22700BC9668 /* CustomInfiniteIndicator.m in Sources */ = {isa = PBXBuildFile; fileRef = A28214701F20F22700BC9668 /* CustomInfiniteIndicator.m */; };
		A28214741F20FC3300BC9668 /* UIScrollView+InfiniteScroll.m in Sources */ = {isa = PBXBuildFile; fileRef = A28214731F20FC3300BC9668 /* UIScrollView+InfiniteScroll.m */; };
		A291B6301F1DEFB100644D88 /* main.m in Sources */ = {isa = PBXBuildFile; fileRef = A291B62F1F1DEFB100644D88 /* main.m */; };
		A291B6331F1DEFB100644D88 /* AppDelegate.m in Sources */ = {isa = PBXBuildFile; fileRef = A291B6321F1DEFB100644D88 /* AppDelegate.m */; };
		A291B6361F1DEFB100644D88 /* StartViewController.m in Sources */ = {isa = PBXBuildFile; fileRef = A291B6351F1DEFB100644D88 /* StartViewController.m */; };
		A291B6391F1DEFB100644D88 /* Main.storyboard in Resources */ = {isa = PBXBuildFile; fileRef = A291B6371F1DEFB100644D88 /* Main.storyboard */; };
		A291B63C1F1DEFB100644D88 /* vk.xcdatamodeld in Sources */ = {isa = PBXBuildFile; fileRef = A291B63A1F1DEFB100644D88 /* vk.xcdatamodeld */; };
		A291B63E1F1DEFB100644D88 /* Assets.xcassets in Resources */ = {isa = PBXBuildFile; fileRef = A291B63D1F1DEFB100644D88 /* Assets.xcassets */; };
		A291B6411F1DEFB100644D88 /* LaunchScreen.storyboard in Resources */ = {isa = PBXBuildFile; fileRef = A291B63F1F1DEFB100644D88 /* LaunchScreen.storyboard */; };
		A291B64C1F1DEFB100644D88 /* vkTests.m in Sources */ = {isa = PBXBuildFile; fileRef = A291B64B1F1DEFB100644D88 /* vkTests.m */; };
/* End PBXBuildFile section */

/* Begin PBXContainerItemProxy section */
		A291B6481F1DEFB100644D88 /* PBXContainerItemProxy */ = {
			isa = PBXContainerItemProxy;
			containerPortal = A291B6231F1DEFB100644D88 /* Project object */;
			proxyType = 1;
			remoteGlobalIDString = A291B62A1F1DEFB100644D88;
			remoteInfo = vk;
		};
/* End PBXContainerItemProxy section */

/* Begin PBXFileReference section */
		55F9A42F1FB823591A15D136 /* libPods-vk.a */ = {isa = PBXFileReference; explicitFileType = archive.ar; includeInIndex = 0; path = "libPods-vk.a"; sourceTree = BUILT_PRODUCTS_DIR; };
		72BFFE4B4AA89E748AB4DD90 /* Pods-vk.release.xcconfig */ = {isa = PBXFileReference; includeInIndex = 1; lastKnownFileType = text.xcconfig; name = "Pods-vk.release.xcconfig"; path = "Pods/Target Support Files/Pods-vk/Pods-vk.release.xcconfig"; sourceTree = "<group>"; };
		A23D026F1F20ABCF0044245A /* VKPost.h */ = {isa = PBXFileReference; fileEncoding = 4; lastKnownFileType = sourcecode.c.h; path = VKPost.h; sourceTree = "<group>"; };
		A23D02701F20ABCF0044245A /* VKPost.m */ = {isa = PBXFileReference; fileEncoding = 4; lastKnownFileType = sourcecode.c.objc; path = VKPost.m; sourceTree = "<group>"; };
		A23D02831F20D7440044245A /* PostTableViewCell.h */ = {isa = PBXFileReference; fileEncoding = 4; lastKnownFileType = sourcecode.c.h; path = PostTableViewCell.h; sourceTree = "<group>"; };
		A23D02841F20D7440044245A /* PostTableViewCell.m */ = {isa = PBXFileReference; fileEncoding = 4; lastKnownFileType = sourcecode.c.objc; path = PostTableViewCell.m; sourceTree = "<group>"; };
		A23D02851F20D7440044245A /* PostTableViewCell.xib */ = {isa = PBXFileReference; fileEncoding = 4; lastKnownFileType = file.xib; path = PostTableViewCell.xib; sourceTree = "<group>"; };
		A23D02891F20E3830044245A /* UIViewController+Utils.h */ = {isa = PBXFileReference; fileEncoding = 4; lastKnownFileType = sourcecode.c.h; path = "UIViewController+Utils.h"; sourceTree = "<group>"; };
		A23D028A1F20E3830044245A /* UIViewController+Utils.m */ = {isa = PBXFileReference; fileEncoding = 4; lastKnownFileType = sourcecode.c.objc; path = "UIViewController+Utils.m"; sourceTree = "<group>"; };
		A2577D731F1F4D4E00268A91 /* TestViewController.h */ = {isa = PBXFileReference; fileEncoding = 4; lastKnownFileType = sourcecode.c.h; path = TestViewController.h; sourceTree = "<group>"; };
		A2577D741F1F4D4E00268A91 /* TestViewController.m */ = {isa = PBXFileReference; fileEncoding = 4; lastKnownFileType = sourcecode.c.objc; path = TestViewController.m; sourceTree = "<group>"; };
		A2577D761F1F4D6100268A91 /* ApiCallViewController.h */ = {isa = PBXFileReference; fileEncoding = 4; lastKnownFileType = sourcecode.c.h; path = ApiCallViewController.h; sourceTree = "<group>"; };
		A2577D771F1F4D6100268A91 /* ApiCallViewController.m */ = {isa = PBXFileReference; fileEncoding = 4; lastKnownFileType = sourcecode.c.objc; path = ApiCallViewController.m; sourceTree = "<group>"; };
		A26467CA1F22A1D700207BDD /* VKSource.h */ = {isa = PBXFileReference; fileEncoding = 4; lastKnownFileType = sourcecode.c.h; path = VKSource.h; sourceTree = "<group>"; };
		A26467CB1F22A1D700207BDD /* VKSource.m */ = {isa = PBXFileReference; fileEncoding = 4; lastKnownFileType = sourcecode.c.objc; path = VKSource.m; sourceTree = "<group>"; };
		A27071471F1E007B0035E028 /* VKWrapper.h */ = {isa = PBXFileReference; fileEncoding = 4; lastKnownFileType = sourcecode.c.h; path = VKWrapper.h; sourceTree = "<group>"; };
		A27071481F1E007B0035E028 /* VKWrapper.m */ = {isa = PBXFileReference; fileEncoding = 4; lastKnownFileType = sourcecode.c.objc; path = VKWrapper.m; sourceTree = "<group>"; };
		A270714D1F1E6CEC0035E028 /* vk.entitlements */ = {isa = PBXFileReference; lastKnownFileType = text.plist.entitlements; path = vk.entitlements; sourceTree = "<group>"; };
		A2763B531F1F5CB60015D279 /* NewsViewController.h */ = {isa = PBXFileReference; fileEncoding = 4; lastKnownFileType = sourcecode.c.h; path = NewsViewController.h; sourceTree = "<group>"; };
		A2763B541F1F5CB60015D279 /* NewsViewController.m */ = {isa = PBXFileReference; fileEncoding = 4; lastKnownFileType = sourcecode.c.objc; path = NewsViewController.m; sourceTree = "<group>"; };
		A282146B1F20F1E300BC9668 /* UIApplication+NetworkIndicator.h */ = {isa = PBXFileReference; fileEncoding = 4; lastKnownFileType = sourcecode.c.h; path = "UIApplication+NetworkIndicator.h"; sourceTree = "<group>"; };
		A282146C1F20F1E300BC9668 /* UIApplication+NetworkIndicator.m */ = {isa = PBXFileReference; fileEncoding = 4; lastKnownFileType = sourcecode.c.objc; path = "UIApplication+NetworkIndicator.m"; sourceTree = "<group>"; };
		A282146F1F20F22700BC9668 /* CustomInfiniteIndicator.h */ = {isa = PBXFileReference; fileEncoding = 4; lastKnownFileType = sourcecode.c.h; path = CustomInfiniteIndicator.h; sourceTree = "<group>"; };
		A28214701F20F22700BC9668 /* CustomInfiniteIndicator.m */ = {isa = PBXFileReference; fileEncoding = 4; lastKnownFileType = sourcecode.c.objc; path = CustomInfiniteIndicator.m; sourceTree = "<group>"; };
		A28214721F20FC3300BC9668 /* UIScrollView+InfiniteScroll.h */ = {isa = PBXFileReference; fileEncoding = 4; lastKnownFileType = sourcecode.c.h; path = "UIScrollView+InfiniteScroll.h"; sourceTree = "<group>"; };
		A28214731F20FC3300BC9668 /* UIScrollView+InfiniteScroll.m */ = {isa = PBXFileReference; fileEncoding = 4; lastKnownFileType = sourcecode.c.objc; path = "UIScrollView+InfiniteScroll.m"; sourceTree = "<group>"; };
		A291B62B1F1DEFB100644D88 /* vk.app */ = {isa = PBXFileReference; explicitFileType = wrapper.application; includeInIndex = 0; path = vk.app; sourceTree = BUILT_PRODUCTS_DIR; };
		A291B62F1F1DEFB100644D88 /* main.m */ = {isa = PBXFileReference; lastKnownFileType = sourcecode.c.objc; path = main.m; sourceTree = "<group>"; };
		A291B6311F1DEFB100644D88 /* AppDelegate.h */ = {isa = PBXFileReference; lastKnownFileType = sourcecode.c.h; path = AppDelegate.h; sourceTree = "<group>"; };
		A291B6321F1DEFB100644D88 /* AppDelegate.m */ = {isa = PBXFileReference; lastKnownFileType = sourcecode.c.objc; path = AppDelegate.m; sourceTree = "<group>"; };
		A291B6341F1DEFB100644D88 /* StartViewController.h */ = {isa = PBXFileReference; lastKnownFileType = sourcecode.c.h; path = StartViewController.h; sourceTree = "<group>"; };
		A291B6351F1DEFB100644D88 /* StartViewController.m */ = {isa = PBXFileReference; lastKnownFileType = sourcecode.c.objc; path = StartViewController.m; sourceTree = "<group>"; };
		A291B6381F1DEFB100644D88 /* Base */ = {isa = PBXFileReference; lastKnownFileType = file.storyboard; name = Base; path = Base.lproj/Main.storyboard; sourceTree = "<group>"; };
		A291B63B1F1DEFB100644D88 /* vk.xcdatamodel */ = {isa = PBXFileReference; lastKnownFileType = wrapper.xcdatamodel; path = vk.xcdatamodel; sourceTree = "<group>"; };
		A291B63D1F1DEFB100644D88 /* Assets.xcassets */ = {isa = PBXFileReference; lastKnownFileType = folder.assetcatalog; path = Assets.xcassets; sourceTree = "<group>"; };
		A291B6401F1DEFB100644D88 /* Base */ = {isa = PBXFileReference; lastKnownFileType = file.storyboard; name = Base; path = Base.lproj/LaunchScreen.storyboard; sourceTree = "<group>"; };
		A291B6421F1DEFB100644D88 /* Info.plist */ = {isa = PBXFileReference; lastKnownFileType = text.plist.xml; path = Info.plist; sourceTree = "<group>"; };
		A291B6471F1DEFB100644D88 /* vkTests.xctest */ = {isa = PBXFileReference; explicitFileType = wrapper.cfbundle; includeInIndex = 0; path = vkTests.xctest; sourceTree = BUILT_PRODUCTS_DIR; };
		A291B64B1F1DEFB100644D88 /* vkTests.m */ = {isa = PBXFileReference; lastKnownFileType = sourcecode.c.objc; path = vkTests.m; sourceTree = "<group>"; };
		A291B64D1F1DEFB100644D88 /* Info.plist */ = {isa = PBXFileReference; lastKnownFileType = text.plist.xml; path = Info.plist; sourceTree = "<group>"; };
		CBB30F6A97F1B7F1A824AAF9 /* Pods-vk.debug.xcconfig */ = {isa = PBXFileReference; includeInIndex = 1; lastKnownFileType = text.xcconfig; name = "Pods-vk.debug.xcconfig"; path = "Pods/Target Support Files/Pods-vk/Pods-vk.debug.xcconfig"; sourceTree = "<group>"; };
/* End PBXFileReference section */

/* Begin PBXFrameworksBuildPhase section */
		A291B6281F1DEFB100644D88 /* Frameworks */ = {
			isa = PBXFrameworksBuildPhase;
			buildActionMask = 2147483647;
			files = (
				773CFE206E1820E85723DBF6 /* libPods-vk.a in Frameworks */,
			);
			runOnlyForDeploymentPostprocessing = 0;
		};
		A291B6441F1DEFB100644D88 /* Frameworks */ = {
			isa = PBXFrameworksBuildPhase;
			buildActionMask = 2147483647;
			files = (
			);
			runOnlyForDeploymentPostprocessing = 0;
		};
/* End PBXFrameworksBuildPhase section */

/* Begin PBXGroup section */
		9D6E9D095B8C4C862F1DAABF /* Pods */ = {
			isa = PBXGroup;
			children = (
				CBB30F6A97F1B7F1A824AAF9 /* Pods-vk.debug.xcconfig */,
				72BFFE4B4AA89E748AB4DD90 /* Pods-vk.release.xcconfig */,
			);
			name = Pods;
			sourceTree = "<group>";
		};
		A23D02811F20D6EA0044245A /* Views */ = {
			isa = PBXGroup;
			children = (
				A282146E1F20F21D00BC9668 /* Others */,
				A23D02821F20D6F60044245A /* Cells */,
			);
			name = Views;
			sourceTree = "<group>";
		};
		A23D02821F20D6F60044245A /* Cells */ = {
			isa = PBXGroup;
			children = (
				A23D02831F20D7440044245A /* PostTableViewCell.h */,
				A23D02841F20D7440044245A /* PostTableViewCell.m */,
				A23D02851F20D7440044245A /* PostTableViewCell.xib */,
			);
			name = Cells;
			sourceTree = "<group>";
		};
		A23D02881F20E34A0044245A /* Categories */ = {
			isa = PBXGroup;
			children = (
				A23D02891F20E3830044245A /* UIViewController+Utils.h */,
				A23D028A1F20E3830044245A /* UIViewController+Utils.m */,
				A282146B1F20F1E300BC9668 /* UIApplication+NetworkIndicator.h */,
				A282146C1F20F1E300BC9668 /* UIApplication+NetworkIndicator.m */,
				A28214721F20FC3300BC9668 /* UIScrollView+InfiniteScroll.h */,
				A28214731F20FC3300BC9668 /* UIScrollView+InfiniteScroll.m */,
			);
			name = Categories;
			sourceTree = "<group>";
		};
		A2577D721F1F4B4100268A91 /* Controllers */ = {
			isa = PBXGroup;
			children = (
				A291B6341F1DEFB100644D88 /* StartViewController.h */,
				A291B6351F1DEFB100644D88 /* StartViewController.m */,
				A2577D731F1F4D4E00268A91 /* TestViewController.h */,
				A2577D741F1F4D4E00268A91 /* TestViewController.m */,
				A2577D761F1F4D6100268A91 /* ApiCallViewController.h */,
				A2577D771F1F4D6100268A91 /* ApiCallViewController.m */,
				A2763B531F1F5CB60015D279 /* NewsViewController.h */,
				A2763B541F1F5CB60015D279 /* NewsViewController.m */,
			);
			name = Controllers;
			sourceTree = "<group>";
		};
		A27071461F1E00590035E028 /* Core */ = {
			isa = PBXGroup;
			children = (
				A27071471F1E007B0035E028 /* VKWrapper.h */,
				A27071481F1E007B0035E028 /* VKWrapper.m */,
				A26467CA1F22A1D700207BDD /* VKSource.h */,
				A26467CB1F22A1D700207BDD /* VKSource.m */,
				A23D026F1F20ABCF0044245A /* VKPost.h */,
				A23D02701F20ABCF0044245A /* VKPost.m */,
			);
			name = Core;
			sourceTree = "<group>";
		};
		A282146E1F20F21D00BC9668 /* Others */ = {
			isa = PBXGroup;
			children = (
				A282146F1F20F22700BC9668 /* CustomInfiniteIndicator.h */,
				A28214701F20F22700BC9668 /* CustomInfiniteIndicator.m */,
			);
			name = Others;
			sourceTree = "<group>";
		};
		A291B6221F1DEFB100644D88 = {
			isa = PBXGroup;
			children = (
				A291B62D1F1DEFB100644D88 /* vk */,
				A291B64A1F1DEFB100644D88 /* vkTests */,
				A291B62C1F1DEFB100644D88 /* Products */,
				9D6E9D095B8C4C862F1DAABF /* Pods */,
				B486E22D39916EA5BA06859C /* Frameworks */,
			);
			sourceTree = "<group>";
		};
		A291B62C1F1DEFB100644D88 /* Products */ = {
			isa = PBXGroup;
			children = (
				A291B62B1F1DEFB100644D88 /* vk.app */,
				A291B6471F1DEFB100644D88 /* vkTests.xctest */,
			);
			name = Products;
			sourceTree = "<group>";
		};
		A291B62D1F1DEFB100644D88 /* vk */ = {
			isa = PBXGroup;
			children = (
				A270714D1F1E6CEC0035E028 /* vk.entitlements */,
				A23D02881F20E34A0044245A /* Categories */,
				A23D02811F20D6EA0044245A /* Views */,
				A2577D721F1F4B4100268A91 /* Controllers */,
				A27071461F1E00590035E028 /* Core */,
				A291B6311F1DEFB100644D88 /* AppDelegate.h */,
				A291B6321F1DEFB100644D88 /* AppDelegate.m */,
				A291B6371F1DEFB100644D88 /* Main.storyboard */,
				A291B63D1F1DEFB100644D88 /* Assets.xcassets */,
				A291B63F1F1DEFB100644D88 /* LaunchScreen.storyboard */,
				A291B6421F1DEFB100644D88 /* Info.plist */,
				A291B63A1F1DEFB100644D88 /* vk.xcdatamodeld */,
				A291B62E1F1DEFB100644D88 /* Supporting Files */,
			);
			path = vk;
			sourceTree = "<group>";
		};
		A291B62E1F1DEFB100644D88 /* Supporting Files */ = {
			isa = PBXGroup;
			children = (
				A291B62F1F1DEFB100644D88 /* main.m */,
			);
			name = "Supporting Files";
			sourceTree = "<group>";
		};
		A291B64A1F1DEFB100644D88 /* vkTests */ = {
			isa = PBXGroup;
			children = (
				A291B64B1F1DEFB100644D88 /* vkTests.m */,
				A291B64D1F1DEFB100644D88 /* Info.plist */,
			);
			path = vkTests;
			sourceTree = "<group>";
		};
		B486E22D39916EA5BA06859C /* Frameworks */ = {
			isa = PBXGroup;
			children = (
				55F9A42F1FB823591A15D136 /* libPods-vk.a */,
			);
			name = Frameworks;
			sourceTree = "<group>";
		};
/* End PBXGroup section */

/* Begin PBXNativeTarget section */
		A291B62A1F1DEFB100644D88 /* vk */ = {
			isa = PBXNativeTarget;
			buildConfigurationList = A291B6501F1DEFB100644D88 /* Build configuration list for PBXNativeTarget "vk" */;
			buildPhases = (
				7D73C25A228D26CA31B154FE /* [CP] Check Pods Manifest.lock */,
				A291B6271F1DEFB100644D88 /* Sources */,
				A291B6281F1DEFB100644D88 /* Frameworks */,
				A291B6291F1DEFB100644D88 /* Resources */,
				FA94918CBFFBCFAB2228E3B1 /* [CP] Embed Pods Frameworks */,
				1C0D4DF6B64B6F1DA5F6C130 /* [CP] Copy Pods Resources */,
			);
			buildRules = (
			);
			dependencies = (
			);
			name = vk;
			productName = vk;
			productReference = A291B62B1F1DEFB100644D88 /* vk.app */;
			productType = "com.apple.product-type.application";
		};
		A291B6461F1DEFB100644D88 /* vkTests */ = {
			isa = PBXNativeTarget;
			buildConfigurationList = A291B6531F1DEFB100644D88 /* Build configuration list for PBXNativeTarget "vkTests" */;
			buildPhases = (
				A291B6431F1DEFB100644D88 /* Sources */,
				A291B6441F1DEFB100644D88 /* Frameworks */,
				A291B6451F1DEFB100644D88 /* Resources */,
			);
			buildRules = (
			);
			dependencies = (
				A291B6491F1DEFB100644D88 /* PBXTargetDependency */,
			);
			name = vkTests;
			productName = vkTests;
			productReference = A291B6471F1DEFB100644D88 /* vkTests.xctest */;
			productType = "com.apple.product-type.bundle.unit-test";
		};
/* End PBXNativeTarget section */

/* Begin PBXProject section */
		A291B6231F1DEFB100644D88 /* Project object */ = {
			isa = PBXProject;
			attributes = {
				LastUpgradeCheck = 0830;
				ORGANIZATIONNAME = dbulabs;
				TargetAttributes = {
					A291B62A1F1DEFB100644D88 = {
						CreatedOnToolsVersion = 8.3.3;
						DevelopmentTeam = 9U3WVKD9E4;
						ProvisioningStyle = Automatic;
						SystemCapabilities = {
							com.apple.SafariKeychain = {
								enabled = 0;
							};
						};
					};
					A291B6461F1DEFB100644D88 = {
						CreatedOnToolsVersion = 8.3.3;
						ProvisioningStyle = Automatic;
						TestTargetID = A291B62A1F1DEFB100644D88;
					};
				};
			};
			buildConfigurationList = A291B6261F1DEFB100644D88 /* Build configuration list for PBXProject "vk" */;
			compatibilityVersion = "Xcode 3.2";
			developmentRegion = English;
			hasScannedForEncodings = 0;
			knownRegions = (
				en,
				Base,
			);
			mainGroup = A291B6221F1DEFB100644D88;
			productRefGroup = A291B62C1F1DEFB100644D88 /* Products */;
			projectDirPath = "";
			projectRoot = "";
			targets = (
				A291B62A1F1DEFB100644D88 /* vk */,
				A291B6461F1DEFB100644D88 /* vkTests */,
			);
		};
/* End PBXProject section */

/* Begin PBXResourcesBuildPhase section */
		A291B6291F1DEFB100644D88 /* Resources */ = {
			isa = PBXResourcesBuildPhase;
			buildActionMask = 2147483647;
			files = (
				A291B6411F1DEFB100644D88 /* LaunchScreen.storyboard in Resources */,
				A291B63E1F1DEFB100644D88 /* Assets.xcassets in Resources */,
				A291B6391F1DEFB100644D88 /* Main.storyboard in Resources */,
				A23D02871F20D7440044245A /* PostTableViewCell.xib in Resources */,
			);
			runOnlyForDeploymentPostprocessing = 0;
		};
		A291B6451F1DEFB100644D88 /* Resources */ = {
			isa = PBXResourcesBuildPhase;
			buildActionMask = 2147483647;
			files = (
			);
			runOnlyForDeploymentPostprocessing = 0;
		};
/* End PBXResourcesBuildPhase section */

/* Begin PBXShellScriptBuildPhase section */
		1C0D4DF6B64B6F1DA5F6C130 /* [CP] Copy Pods Resources */ = {
			isa = PBXShellScriptBuildPhase;
			buildActionMask = 2147483647;
			files = (
			);
			inputPaths = (
			);
			name = "[CP] Copy Pods Resources";
			outputPaths = (
			);
			runOnlyForDeploymentPostprocessing = 0;
			shellPath = /bin/sh;
			shellScript = "\"${SRCROOT}/Pods/Target Support Files/Pods-vk/Pods-vk-resources.sh\"\n";
			showEnvVarsInLog = 0;
		};
		7D73C25A228D26CA31B154FE /* [CP] Check Pods Manifest.lock */ = {
			isa = PBXShellScriptBuildPhase;
			buildActionMask = 2147483647;
			files = (
			);
			inputPaths = (
			);
			name = "[CP] Check Pods Manifest.lock";
			outputPaths = (
			);
			runOnlyForDeploymentPostprocessing = 0;
			shellPath = /bin/sh;
			shellScript = "diff \"${PODS_PODFILE_DIR_PATH}/Podfile.lock\" \"${PODS_ROOT}/Manifest.lock\" > /dev/null\nif [ $? != 0 ] ; then\n    # print error to STDERR\n    echo \"error: The sandbox is not in sync with the Podfile.lock. Run 'pod install' or update your CocoaPods installation.\" >&2\n    exit 1\nfi\n";
			showEnvVarsInLog = 0;
		};
		FA94918CBFFBCFAB2228E3B1 /* [CP] Embed Pods Frameworks */ = {
			isa = PBXShellScriptBuildPhase;
			buildActionMask = 2147483647;
			files = (
			);
			inputPaths = (
			);
			name = "[CP] Embed Pods Frameworks";
			outputPaths = (
			);
			runOnlyForDeploymentPostprocessing = 0;
			shellPath = /bin/sh;
			shellScript = "\"${SRCROOT}/Pods/Target Support Files/Pods-vk/Pods-vk-frameworks.sh\"\n";
			showEnvVarsInLog = 0;
		};
/* End PBXShellScriptBuildPhase section */

/* Begin PBXSourcesBuildPhase section */
		A291B6271F1DEFB100644D88 /* Sources */ = {
			isa = PBXSourcesBuildPhase;
			buildActionMask = 2147483647;
			files = (
				A28214741F20FC3300BC9668 /* UIScrollView+InfiniteScroll.m in Sources */,
				A2577D751F1F4D4E00268A91 /* TestViewController.m in Sources */,
				A23D028B1F20E3830044245A /* UIViewController+Utils.m in Sources */,
				A282146D1F20F1E300BC9668 /* UIApplication+NetworkIndicator.m in Sources */,
				A27071491F1E007B0035E028 /* VKWrapper.m in Sources */,
				A291B63C1F1DEFB100644D88 /* vk.xcdatamodeld in Sources */,
				A2763B551F1F5CB60015D279 /* NewsViewController.m in Sources */,
				A2577D781F1F4D6100268A91 /* ApiCallViewController.m in Sources */,
				A291B6361F1DEFB100644D88 /* StartViewController.m in Sources */,
				A26467CC1F22A1D700207BDD /* VKSource.m in Sources */,
				A28214711F20F22700BC9668 /* CustomInfiniteIndicator.m in Sources */,
				A291B6331F1DEFB100644D88 /* AppDelegate.m in Sources */,
				A23D02711F20ABCF0044245A /* VKPost.m in Sources */,
				A291B6301F1DEFB100644D88 /* main.m in Sources */,
				A23D02861F20D7440044245A /* PostTableViewCell.m in Sources */,
			);
			runOnlyForDeploymentPostprocessing = 0;
		};
		A291B6431F1DEFB100644D88 /* Sources */ = {
			isa = PBXSourcesBuildPhase;
			buildActionMask = 2147483647;
			files = (
				A291B64C1F1DEFB100644D88 /* vkTests.m in Sources */,
			);
			runOnlyForDeploymentPostprocessing = 0;
		};
/* End PBXSourcesBuildPhase section */

/* Begin PBXTargetDependency section */
		A291B6491F1DEFB100644D88 /* PBXTargetDependency */ = {
			isa = PBXTargetDependency;
			target = A291B62A1F1DEFB100644D88 /* vk */;
			targetProxy = A291B6481F1DEFB100644D88 /* PBXContainerItemProxy */;
		};
/* End PBXTargetDependency section */

/* Begin PBXVariantGroup section */
		A291B6371F1DEFB100644D88 /* Main.storyboard */ = {
			isa = PBXVariantGroup;
			children = (
				A291B6381F1DEFB100644D88 /* Base */,
			);
			name = Main.storyboard;
			sourceTree = "<group>";
		};
		A291B63F1F1DEFB100644D88 /* LaunchScreen.storyboard */ = {
			isa = PBXVariantGroup;
			children = (
				A291B6401F1DEFB100644D88 /* Base */,
			);
			name = LaunchScreen.storyboard;
			sourceTree = "<group>";
		};
/* End PBXVariantGroup section */

/* Begin XCBuildConfiguration section */
		A291B64E1F1DEFB100644D88 /* Debug */ = {
			isa = XCBuildConfiguration;
			buildSettings = {
				ALWAYS_SEARCH_USER_PATHS = NO;
				CLANG_ANALYZER_NONNULL = YES;
				CLANG_ANALYZER_NUMBER_OBJECT_CONVERSION = YES_AGGRESSIVE;
				CLANG_CXX_LANGUAGE_STANDARD = "gnu++0x";
				CLANG_CXX_LIBRARY = "libc++";
				CLANG_ENABLE_MODULES = YES;
				CLANG_ENABLE_OBJC_ARC = YES;
				CLANG_WARN_BOOL_CONVERSION = YES;
				CLANG_WARN_CONSTANT_CONVERSION = YES;
				CLANG_WARN_DIRECT_OBJC_ISA_USAGE = YES_ERROR;
				CLANG_WARN_DOCUMENTATION_COMMENTS = YES;
				CLANG_WARN_EMPTY_BODY = YES;
				CLANG_WARN_ENUM_CONVERSION = YES;
				CLANG_WARN_INFINITE_RECURSION = YES;
				CLANG_WARN_INT_CONVERSION = YES;
				CLANG_WARN_OBJC_ROOT_CLASS = YES_ERROR;
				CLANG_WARN_SUSPICIOUS_MOVE = YES;
				CLANG_WARN_UNREACHABLE_CODE = YES;
				CLANG_WARN__DUPLICATE_METHOD_MATCH = YES;
				"CODE_SIGN_IDENTITY[sdk=iphoneos*]" = "iPhone Developer";
				COPY_PHASE_STRIP = NO;
				DEBUG_INFORMATION_FORMAT = dwarf;
				ENABLE_STRICT_OBJC_MSGSEND = YES;
				ENABLE_TESTABILITY = YES;
				GCC_C_LANGUAGE_STANDARD = gnu99;
				GCC_DYNAMIC_NO_PIC = NO;
				GCC_NO_COMMON_BLOCKS = YES;
				GCC_OPTIMIZATION_LEVEL = 0;
				GCC_PREPROCESSOR_DEFINITIONS = (
					"DEBUG=1",
					"$(inherited)",
				);
				GCC_WARN_64_TO_32_BIT_CONVERSION = YES;
				GCC_WARN_ABOUT_RETURN_TYPE = YES_ERROR;
				GCC_WARN_UNDECLARED_SELECTOR = YES;
				GCC_WARN_UNINITIALIZED_AUTOS = YES_AGGRESSIVE;
				GCC_WARN_UNUSED_FUNCTION = YES;
				GCC_WARN_UNUSED_VARIABLE = YES;
				IPHONEOS_DEPLOYMENT_TARGET = 8.0;
				MTL_ENABLE_DEBUG_INFO = YES;
				ONLY_ACTIVE_ARCH = YES;
				SDKROOT = iphoneos;
			};
			name = Debug;
		};
		A291B64F1F1DEFB100644D88 /* Release */ = {
			isa = XCBuildConfiguration;
			buildSettings = {
				ALWAYS_SEARCH_USER_PATHS = NO;
				CLANG_ANALYZER_NONNULL = YES;
				CLANG_ANALYZER_NUMBER_OBJECT_CONVERSION = YES_AGGRESSIVE;
				CLANG_CXX_LANGUAGE_STANDARD = "gnu++0x";
				CLANG_CXX_LIBRARY = "libc++";
				CLANG_ENABLE_MODULES = YES;
				CLANG_ENABLE_OBJC_ARC = YES;
				CLANG_WARN_BOOL_CONVERSION = YES;
				CLANG_WARN_CONSTANT_CONVERSION = YES;
				CLANG_WARN_DIRECT_OBJC_ISA_USAGE = YES_ERROR;
				CLANG_WARN_DOCUMENTATION_COMMENTS = YES;
				CLANG_WARN_EMPTY_BODY = YES;
				CLANG_WARN_ENUM_CONVERSION = YES;
				CLANG_WARN_INFINITE_RECURSION = YES;
				CLANG_WARN_INT_CONVERSION = YES;
				CLANG_WARN_OBJC_ROOT_CLASS = YES_ERROR;
				CLANG_WARN_SUSPICIOUS_MOVE = YES;
				CLANG_WARN_UNREACHABLE_CODE = YES;
				CLANG_WARN__DUPLICATE_METHOD_MATCH = YES;
				"CODE_SIGN_IDENTITY[sdk=iphoneos*]" = "iPhone Developer";
				COPY_PHASE_STRIP = NO;
				DEBUG_INFORMATION_FORMAT = "dwarf-with-dsym";
				ENABLE_NS_ASSERTIONS = NO;
				ENABLE_STRICT_OBJC_MSGSEND = YES;
				GCC_C_LANGUAGE_STANDARD = gnu99;
				GCC_NO_COMMON_BLOCKS = YES;
				GCC_WARN_64_TO_32_BIT_CONVERSION = YES;
				GCC_WARN_ABOUT_RETURN_TYPE = YES_ERROR;
				GCC_WARN_UNDECLARED_SELECTOR = YES;
				GCC_WARN_UNINITIALIZED_AUTOS = YES_AGGRESSIVE;
				GCC_WARN_UNUSED_FUNCTION = YES;
				GCC_WARN_UNUSED_VARIABLE = YES;
				IPHONEOS_DEPLOYMENT_TARGET = 8.0;
				MTL_ENABLE_DEBUG_INFO = NO;
				SDKROOT = iphoneos;
				VALIDATE_PRODUCT = YES;
			};
			name = Release;
		};
		A291B6511F1DEFB100644D88 /* Debug */ = {
			isa = XCBuildConfiguration;
			baseConfigurationReference = CBB30F6A97F1B7F1A824AAF9 /* Pods-vk.debug.xcconfig */;
			buildSettings = {
				ASSETCATALOG_COMPILER_APPICON_NAME = AppIcon;
				DEVELOPMENT_TEAM = 9U3WVKD9E4;
				INFOPLIST_FILE = vk/Info.plist;
				LD_RUNPATH_SEARCH_PATHS = "$(inherited) @executable_path/Frameworks";
				PRODUCT_BUNDLE_IDENTIFIER = com.test.vk;
				PRODUCT_NAME = "$(TARGET_NAME)";
			};
			name = Debug;
		};
		A291B6521F1DEFB100644D88 /* Release */ = {
			isa = XCBuildConfiguration;
			baseConfigurationReference = 72BFFE4B4AA89E748AB4DD90 /* Pods-vk.release.xcconfig */;
			buildSettings = {
				ASSETCATALOG_COMPILER_APPICON_NAME = AppIcon;
				DEVELOPMENT_TEAM = 9U3WVKD9E4;
				INFOPLIST_FILE = vk/Info.plist;
				LD_RUNPATH_SEARCH_PATHS = "$(inherited) @executable_path/Frameworks";
				PRODUCT_BUNDLE_IDENTIFIER = com.test.vk;
				PRODUCT_NAME = "$(TARGET_NAME)";
			};
			name = Release;
		};
		A291B6541F1DEFB100644D88 /* Debug */ = {
			isa = XCBuildConfiguration;
			buildSettings = {
				BUNDLE_LOADER = "$(TEST_HOST)";
				INFOPLIST_FILE = vkTests/Info.plist;
				LD_RUNPATH_SEARCH_PATHS = "$(inherited) @executable_path/Frameworks @loader_path/Frameworks";
				PRODUCT_BUNDLE_IDENTIFIER = com.test.vkTests;
				PRODUCT_NAME = "$(TARGET_NAME)";
				TEST_HOST = "$(BUILT_PRODUCTS_DIR)/vk.app/vk";
			};
			name = Debug;
		};
		A291B6551F1DEFB100644D88 /* Release */ = {
			isa = XCBuildConfiguration;
			buildSettings = {
				BUNDLE_LOADER = "$(TEST_HOST)";
				INFOPLIST_FILE = vkTests/Info.plist;
				LD_RUNPATH_SEARCH_PATHS = "$(inherited) @executable_path/Frameworks @loader_path/Frameworks";
				PRODUCT_BUNDLE_IDENTIFIER = com.test.vkTests;
				PRODUCT_NAME = "$(TARGET_NAME)";
				TEST_HOST = "$(BUILT_PRODUCTS_DIR)/vk.app/vk";
			};
			name = Release;
		};
/* End XCBuildConfiguration section */

/* Begin XCConfigurationList section */
		A291B6261F1DEFB100644D88 /* Build configuration list for PBXProject "vk" */ = {
			isa = XCConfigurationList;
			buildConfigurations = (
				A291B64E1F1DEFB100644D88 /* Debug */,
				A291B64F1F1DEFB100644D88 /* Release */,
			);
			defaultConfigurationIsVisible = 0;
			defaultConfigurationName = Release;
		};
		A291B6501F1DEFB100644D88 /* Build configuration list for PBXNativeTarget "vk" */ = {
			isa = XCConfigurationList;
			buildConfigurations = (
				A291B6511F1DEFB100644D88 /* Debug */,
				A291B6521F1DEFB100644D88 /* Release */,
			);
			defaultConfigurationIsVisible = 0;
			defaultConfigurationName = Release;
		};
		A291B6531F1DEFB100644D88 /* Build configuration list for PBXNativeTarget "vkTests" */ = {
			isa = XCConfigurationList;
			buildConfigurations = (
				A291B6541F1DEFB100644D88 /* Debug */,
				A291B6551F1DEFB100644D88 /* Release */,
			);
			defaultConfigurationIsVisible = 0;
			defaultConfigurationName = Release;
		};
/* End XCConfigurationList section */

/* Begin XCVersionGroup section */
		A291B63A1F1DEFB100644D88 /* vk.xcdatamodeld */ = {
			isa = XCVersionGroup;
			children = (
				A291B63B1F1DEFB100644D88 /* vk.xcdatamodel */,
			);
			currentVersion = A291B63B1F1DEFB100644D88 /* vk.xcdatamodel */;
			path = vk.xcdatamodeld;
			sourceTree = "<group>";
			versionGroupType = wrapper.xcdatamodel;
		};
/* End XCVersionGroup section */
	};
	rootObject = A291B6231F1DEFB100644D88 /* Project object */;
}
